
Microsoft Visual Studio Solution File, Format Version 12.00
# Visual Studio Version 17
VisualStudioVersion = 17.0.32112.339
MinimumVisualStudioVersion = 10.0.40219.1
Project("{FAE04EC0-301F-11D3-BF4B-00C04F79EFBC}") = "ProjectEulerPractice", "ProjectEulerPractice\ProjectEulerPractice.csproj", "{52697193-FDBD-465F-A0C0-253E3A573DE7}"
EndProject
Global
	GlobalSection(SolutionConfigurationPlatforms) = preSolution
		Debug|Any CPU = Debug|Any CPU
		Release|Any CPU = Release|Any CPU
	EndGlobalSection
	GlobalSection(ProjectConfigurationPlatforms) = postSolution
		{52697193-FDBD-465F-A0C0-253E3A573DE7}.Debug|Any CPU.ActiveCfg = Debug|Any CPU
		{52697193-FDBD-465F-A0C0-253E3A573DE7}.Debug|Any CPU.Build.0 = Debug|Any CPU
		{52697193-FDBD-465F-A0C0-253E3A573DE7}.Release|Any CPU.ActiveCfg = Release|Any CPU
		{52697193-FDBD-465F-A0C0-253E3A573DE7}.Release|Any CPU.Build.0 = Release|Any CPU
	EndGlobalSection
	GlobalSection(SolutionProperties) = preSolution
		HideSolutionNode = FALSE
	EndGlobalSection
	GlobalSection(ExtensibilityGlobals) = postSolution
		SolutionGuid = {946C2A3B-4AEA-4315-BB1B-3545C14C7AA9}
	EndGlobalSection
EndGlobal
